
Microsoft Visual Studio Solution File, Format Version 12.00
# Visual Studio 15
VisualStudioVersion = 15.0.27428.2037
MinimumVisualStudioVersion = 10.0.40219.1
Project("{FAE04EC0-301F-11D3-BF4B-00C04F79EFBC}") = "Form1", "Form1\Form1.csproj", "{B0613451-A760-4E0D-8133-16A1F622A259}"
EndProject
Global
	GlobalSection(SolutionConfigurationPlatforms) = preSolution
		Debug|Any CPU = Debug|Any CPU
		Release|Any CPU = Release|Any CPU
	EndGlobalSection
	GlobalSection(ProjectConfigurationPlatforms) = postSolution
		{B0613451-A760-4E0D-8133-16A1F622A259}.Debug|Any CPU.ActiveCfg = Debug|Any CPU
		{B0613451-A760-4E0D-8133-16A1F622A259}.Debug|Any CPU.Build.0 = Debug|Any CPU
		{B0613451-A760-4E0D-8133-16A1F622A259}.Release|Any CPU.ActiveCfg = Release|Any CPU
		{B0613451-A760-4E0D-8133-16A1F622A259}.Release|Any CPU.Build.0 = Release|Any CPU
	EndGlobalSection
	GlobalSection(SolutionProperties) = preSolution
		HideSolutionNode = FALSE
	EndGlobalSection
	GlobalSection(ExtensibilityGlobals) = postSolution
		SolutionGuid = {65AAFF75-E938-4441-B173-F192A5865359}
	EndGlobalSection
EndGlobal
